github.com/BurntSushi/toml v0.3.1 h1:WXkYYl6Yr3qBf1K79EBnL4mak0OimBfB0XUf9Vl28OQ=
github.com/BurntSushi/toml v0.3.1/go.mod h1:xHWCNGjB5oqiDr8zfno3MHue2Ht5sIBksp03qcyfWMU=
github.com/chewxy/math32 v1.0.4 h1:dfqy3+BbCmet2zCkaDaIQv9fpMxnmYYlAEV2Iqe3DZo=
github.com/chewxy/math32 v1.0.4/go.mod h1:dOB2rcuFrCn6UHrze36WSLVPKtzPMRAQvBvUwkSsLqs=
github.com/gen2brain/raylib-go v0.0.0-20191004100518-02424e2e10ea h1:z4Vrk7fURzueu7cu1n+4SlqYKXB8JnBoDG2aDuw8kFY=
github.com/gen2brain/raylib-go v0.0.0-20191004100518-02424e2e10ea/go.mod h1:LUVRDQbnxUaOgzLzW5lMS+IcbqlXHIqIA9wq8wxzmcA=
